
Microsoft Visual Studio Solution File, Format Version 12.00
# Visual Studio Version 17
VisualStudioVersion = 17.1.32414.318
MinimumVisualStudioVersion = 10.0.40219.1
Project("{9A19103F-16F7-4668-BE54-9A1E7A4F7556}") = "ServiceBot", "ServiceBot\ServiceBot.csproj", "{239C6B1E-AA8B-46EC-9DC1-9357F50F257C}"
EndProject
Project("{9A19103F-16F7-4668-BE54-9A1E7A4F7556}") = "Services", "Services\Services.csproj", "{0A59CB6E-F885-4FC2-9942-C1868AF352A7}"
EndProject
Project("{FAE04EC0-301F-11D3-BF4B-00C04F79EFBC}") = "Data", "Data\Data.csproj", "{4C6C59D1-5099-40DB-82BB-0601BC50F6FA}"
EndProject
Project("{2150E333-8FDC-42A3-9474-1A3956D46DE8}") = "1. Client", "1. Client", "{CA51EC05-DC14-49FA-88EC-527F7A43F01C}"
EndProject
Project("{2150E333-8FDC-42A3-9474-1A3956D46DE8}") = "2. Services", "2. Services", "{1D40BD31-C3F4-4C15-9EC0-2A9FB22DED13}"
EndProject
Project("{2150E333-8FDC-42A3-9474-1A3956D46DE8}") = "3. Data", "3. Data", "{D6B60D68-1522-404E-9E84-E2DD0120A3BD}"
EndProject
Project("{FAE04EC0-301F-11D3-BF4B-00C04F79EFBC}") = "Common", "Common\Common.csproj", "{7BD92F3F-3824-42E6-93F9-89195CA1EC72}"
EndProject
Project("{2150E333-8FDC-42A3-9474-1A3956D46DE8}") = "4. Common", "4. Common", "{23228C0B-AD85-4A99-81D2-DADE2A5F5666}"
EndProject
Global
	GlobalSection(SolutionConfigurationPlatforms) = preSolution
		Debug|Any CPU = Debug|Any CPU
		Release|Any CPU = Release|Any CPU
	EndGlobalSection
	GlobalSection(ProjectConfigurationPlatforms) = postSolution
		{239C6B1E-AA8B-46EC-9DC1-9357F50F257C}.Debug|Any CPU.ActiveCfg = Debug|Any CPU
		{239C6B1E-AA8B-46EC-9DC1-9357F50F257C}.Debug|Any CPU.Build.0 = Debug|Any CPU
		{239C6B1E-AA8B-46EC-9DC1-9357F50F257C}.Release|Any CPU.ActiveCfg = Release|Any CPU
		{239C6B1E-AA8B-46EC-9DC1-9357F50F257C}.Release|Any CPU.Build.0 = Release|Any CPU
		{0A59CB6E-F885-4FC2-9942-C1868AF352A7}.Debug|Any CPU.ActiveCfg = Debug|Any CPU
		{0A59CB6E-F885-4FC2-9942-C1868AF352A7}.Debug|Any CPU.Build.0 = Debug|Any CPU
		{0A59CB6E-F885-4FC2-9942-C1868AF352A7}.Release|Any CPU.ActiveCfg = Release|Any CPU
		{0A59CB6E-F885-4FC2-9942-C1868AF352A7}.Release|Any CPU.Build.0 = Release|Any CPU
		{4C6C59D1-5099-40DB-82BB-0601BC50F6FA}.Debug|Any CPU.ActiveCfg = Debug|Any CPU
		{4C6C59D1-5099-40DB-82BB-0601BC50F6FA}.Debug|Any CPU.Build.0 = Debug|Any CPU
		{4C6C59D1-5099-40DB-82BB-0601BC50F6FA}.Release|Any CPU.ActiveCfg = Release|Any CPU
		{4C6C59D1-5099-40DB-82BB-0601BC50F6FA}.Release|Any CPU.Build.0 = Release|Any CPU
		{7BD92F3F-3824-42E6-93F9-89195CA1EC72}.Debug|Any CPU.ActiveCfg = Debug|Any CPU
		{7BD92F3F-3824-42E6-93F9-89195CA1EC72}.Debug|Any CPU.Build.0 = Debug|Any CPU
		{7BD92F3F-3824-42E6-93F9-89195CA1EC72}.Release|Any CPU.ActiveCfg = Release|Any CPU
		{7BD92F3F-3824-42E6-93F9-89195CA1EC72}.Release|Any CPU.Build.0 = Release|Any CPU
	EndGlobalSection
	GlobalSection(SolutionProperties) = preSolution
		HideSolutionNode = FALSE
	EndGlobalSection
	GlobalSection(NestedProjects) = preSolution
		{239C6B1E-AA8B-46EC-9DC1-9357F50F257C} = {CA51EC05-DC14-49FA-88EC-527F7A43F01C}
		{0A59CB6E-F885-4FC2-9942-C1868AF352A7} = {1D40BD31-C3F4-4C15-9EC0-2A9FB22DED13}
		{4C6C59D1-5099-40DB-82BB-0601BC50F6FA} = {D6B60D68-1522-404E-9E84-E2DD0120A3BD}
		{7BD92F3F-3824-42E6-93F9-89195CA1EC72} = {23228C0B-AD85-4A99-81D2-DADE2A5F5666}
	EndGlobalSection
	GlobalSection(ExtensibilityGlobals) = postSolution
		SolutionGuid = {F01DFC09-0F74-4BD3-9E42-ADC67F4DC8EF}
	EndGlobalSection
EndGlobal
